{
  "nodes": {
    "nixpkgs": {
      "locked": {
        "lastModified": 1779188448,
        "narHash": "sha256-L3YEL75dFVvHCya6kpjpI4Bh05BYK1AsTUR2oEi+yj4=",
        "owner": "NixOS",
        "repo": "nixpkgs",
        "rev": "489e18c60c1f2b26014b652abac918910c19cd5f",
        "type": "github"
      },
      "original": {
        "owner": "NixOS",
        "ref": "master",
        "repo": "nixpkgs",
        "type": "github"
      }
    },
    "root": {
      "inputs": {
        "nixpkgs": "nixpkgs"
      }
    }
  },
  "root": "root",
  "version": 7
}
