{
  "nodes": {
    "nixpkgs": {
      "locked": {
        "lastModified": 1778973345,
        "narHash": "sha256-mLpw4tpZw4WqbF7B5eeg0CrMcrq4JeG4ZBnG2vqHlWk=",
        "owner": "NixOS",
        "repo": "nixpkgs",
        "rev": "35140da9e80e5284b943b0c7ca826e6a4d5397fa",
        "type": "github"
      },
      "original": {
        "owner": "NixOS",
        "ref": "master",
        "repo": "nixpkgs",
        "type": "github"
      }
    },
    "root": {
      "inputs": {
        "nixpkgs": "nixpkgs"
      }
    }
  },
  "root": "root",
  "version": 7
}
