{
  "nodes": {
    "nixpkgs": {
      "locked": {
        "lastModified": 1778954294,
        "narHash": "sha256-BNmDBLq1nFQ+/vPujFu9z7VSabcrKe4JOJ2I+jwV5OY=",
        "owner": "NixOS",
        "repo": "nixpkgs",
        "rev": "dc535e1791d4d516586a106ca2a5747cee98ef72",
        "type": "github"
      },
      "original": {
        "owner": "NixOS",
        "ref": "master",
        "repo": "nixpkgs",
        "type": "github"
      }
    },
    "root": {
      "inputs": {
        "nixpkgs": "nixpkgs"
      }
    }
  },
  "root": "root",
  "version": 7
}
